
Microsoft Visual Studio Solution File, Format Version 12.00
# Visual Studio 2013
VisualStudioVersion = 12.0.31101.0
MinimumVisualStudioVersion = 10.0.40219.1
Project("{FAE04EC0-301F-11D3-BF4B-00C04F79EFBC}") = "XamBodyFitDroid", "XamBodyFit\XamBodyFitDroid.csproj", "{E9B7CFCD-86D4-4B98-8726-C7A06B9F94AE}"
EndProject
Project("{FAE04EC0-301F-11D3-BF4B-00C04F79EFBC}") = "BodyfitLibrary", "BodyfitLibrary\BodyfitLibrary.csproj", "{65E2740D-EAB9-47BA-B791-ED0165E5AF83}"
EndProject
Project("{FAE04EC0-301F-11D3-BF4B-00C04F79EFBC}") = "XamBodyFitIOS", "XamBodyFitIOS\XamBodyFitIOS.csproj", "{728DFBD7-6DE3-4ADB-A9A4-703A37C1BFFE}"
EndProject
Global
	GlobalSection(SolutionConfigurationPlatforms) = preSolution
		Ad-Hoc|Any CPU = Ad-Hoc|Any CPU
		Ad-Hoc|iPhone = Ad-Hoc|iPhone
		Ad-Hoc|iPhoneSimulator = Ad-Hoc|iPhoneSimulator
		Ad-Hoc|Mixed Platforms = Ad-Hoc|Mixed Platforms
		AppStore|Any CPU = AppStore|Any CPU
		AppStore|iPhone = AppStore|iPhone
		AppStore|iPhoneSimulator = AppStore|iPhoneSimulator
		AppStore|Mixed Platforms = AppStore|Mixed Platforms
		Debug|Any CPU = Debug|Any CPU
		Debug|iPhone = Debug|iPhone
		Debug|iPhoneSimulator = Debug|iPhoneSimulator
		Debug|Mixed Platforms = Debug|Mixed Platforms
		Release|Any CPU = Release|Any CPU
		Release|iPhone = Release|iPhone
		Release|iPhoneSimulator = Release|iPhoneSimulator
		Release|Mixed Platforms = Release|Mixed Platforms
	EndGlobalSection
	GlobalSection(ProjectConfigurationPlatforms) = postSolution
		{E9B7CFCD-86D4-4B98-8726-C7A06B9F94AE}.Ad-Hoc|Any CPU.ActiveCfg = Release|Any CPU
		{E9B7CFCD-86D4-4B98-8726-C7A06B9F94AE}.Ad-Hoc|Any CPU.Build.0 = Release|Any CPU
		{E9B7CFCD-86D4-4B98-8726-C7A06B9F94AE}.Ad-Hoc|Any CPU.Deploy.0 = Release|Any CPU
		{E9B7CFCD-86D4-4B98-8726-C7A06B9F94AE}.Ad-Hoc|iPhone.ActiveCfg = Release|Any CPU
		{E9B7CFCD-86D4-4B98-8726-C7A06B9F94AE}.Ad-Hoc|iPhoneSimulator.ActiveCfg = Release|Any CPU
		{E9B7CFCD-86D4-4B98-8726-C7A06B9F94AE}.Ad-Hoc|Mixed Platforms.ActiveCfg = Release|Any CPU
		{E9B7CFCD-86D4-4B98-8726-C7A06B9F94AE}.Ad-Hoc|Mixed Platforms.Build.0 = Release|Any CPU
		{E9B7CFCD-86D4-4B98-8726-C7A06B9F94AE}.Ad-Hoc|Mixed Platforms.Deploy.0 = Release|Any CPU
		{E9B7CFCD-86D4-4B98-8726-C7A06B9F94AE}.AppStore|Any CPU.ActiveCfg = Release|Any CPU
		{E9B7CFCD-86D4-4B98-8726-C7A06B9F94AE}.AppStore|Any CPU.Build.0 = Release|Any CPU
		{E9B7CFCD-86D4-4B98-8726-C7A06B9F94AE}.AppStore|Any CPU.Deploy.0 = Release|Any CPU
		{E9B7CFCD-86D4-4B98-8726-C7A06B9F94AE}.AppStore|iPhone.ActiveCfg = Release|Any CPU
		{E9B7CFCD-86D4-4B98-8726-C7A06B9F94AE}.AppStore|iPhoneSimulator.ActiveCfg = Release|Any CPU
		{E9B7CFCD-86D4-4B98-8726-C7A06B9F94AE}.AppStore|Mixed Platforms.ActiveCfg = Release|Any CPU
		{E9B7CFCD-86D4-4B98-8726-C7A06B9F94AE}.AppStore|Mixed Platforms.Build.0 = Release|Any CPU
		{E9B7CFCD-86D4-4B98-8726-C7A06B9F94AE}.AppStore|Mixed Platforms.Deploy.0 = Release|Any CPU
		{E9B7CFCD-86D4-4B98-8726-C7A06B9F94AE}.Debug|Any CPU.ActiveCfg = Debug|Any CPU
		{E9B7CFCD-86D4-4B98-8726-C7A06B9F94AE}.Debug|Any CPU.Build.0 = Debug|Any CPU
		{E9B7CFCD-86D4-4B98-8726-C7A06B9F94AE}.Debug|Any CPU.Deploy.0 = Debug|Any CPU
		{E9B7CFCD-86D4-4B98-8726-C7A06B9F94AE}.Debug|iPhone.ActiveCfg = Debug|Any CPU
		{E9B7CFCD-86D4-4B98-8726-C7A06B9F94AE}.Debug|iPhoneSimulator.ActiveCfg = Debug|Any CPU
		{E9B7CFCD-86D4-4B98-8726-C7A06B9F94AE}.Debug|Mixed Platforms.ActiveCfg = Debug|Any CPU
		{E9B7CFCD-86D4-4B98-8726-C7A06B9F94AE}.Debug|Mixed Platforms.Build.0 = Debug|Any CPU
		{E9B7CFCD-86D4-4B98-8726-C7A06B9F94AE}.Debug|Mixed Platforms.Deploy.0 = Debug|Any CPU
		{E9B7CFCD-86D4-4B98-8726-C7A06B9F94AE}.Release|Any CPU.ActiveCfg = Release|Any CPU
		{E9B7CFCD-86D4-4B98-8726-C7A06B9F94AE}.Release|Any CPU.Build.0 = Release|Any CPU
		{E9B7CFCD-86D4-4B98-8726-C7A06B9F94AE}.Release|Any CPU.Deploy.0 = Release|Any CPU
		{E9B7CFCD-86D4-4B98-8726-C7A06B9F94AE}.Release|iPhone.ActiveCfg = Release|Any CPU
		{E9B7CFCD-86D4-4B98-8726-C7A06B9F94AE}.Release|iPhoneSimulator.ActiveCfg = Release|Any CPU
		{E9B7CFCD-86D4-4B98-8726-C7A06B9F94AE}.Release|Mixed Platforms.ActiveCfg = Release|Any CPU
		{E9B7CFCD-86D4-4B98-8726-C7A06B9F94AE}.Release|Mixed Platforms.Build.0 = Release|Any CPU
		{E9B7CFCD-86D4-4B98-8726-C7A06B9F94AE}.Release|Mixed Platforms.Deploy.0 = Release|Any CPU
		{65E2740D-EAB9-47BA-B791-ED0165E5AF83}.Ad-Hoc|Any CPU.ActiveCfg = Release|Any CPU
		{65E2740D-EAB9-47BA-B791-ED0165E5AF83}.Ad-Hoc|Any CPU.Build.0 = Release|Any CPU
		{65E2740D-EAB9-47BA-B791-ED0165E5AF83}.Ad-Hoc|iPhone.ActiveCfg = Release|Any CPU
		{65E2740D-EAB9-47BA-B791-ED0165E5AF83}.Ad-Hoc|iPhoneSimulator.ActiveCfg = Release|Any CPU
		{65E2740D-EAB9-47BA-B791-ED0165E5AF83}.Ad-Hoc|Mixed Platforms.ActiveCfg = Release|Any CPU
		{65E2740D-EAB9-47BA-B791-ED0165E5AF83}.Ad-Hoc|Mixed Platforms.Build.0 = Release|Any CPU
		{65E2740D-EAB9-47BA-B791-ED0165E5AF83}.AppStore|Any CPU.ActiveCfg = Release|Any CPU
		{65E2740D-EAB9-47BA-B791-ED0165E5AF83}.AppStore|Any CPU.Build.0 = Release|Any CPU
		{65E2740D-EAB9-47BA-B791-ED0165E5AF83}.AppStore|iPhone.ActiveCfg = Release|Any CPU
		{65E2740D-EAB9-47BA-B791-ED0165E5AF83}.AppStore|iPhoneSimulator.ActiveCfg = Release|Any CPU
		{65E2740D-EAB9-47BA-B791-ED0165E5AF83}.AppStore|Mixed Platforms.ActiveCfg = Release|Any CPU
		{65E2740D-EAB9-47BA-B791-ED0165E5AF83}.AppStore|Mixed Platforms.Build.0 = Release|Any CPU
		{65E2740D-EAB9-47BA-B791-ED0165E5AF83}.Debug|Any CPU.ActiveCfg = Debug|Any CPU
		{65E2740D-EAB9-47BA-B791-ED0165E5AF83}.Debug|Any CPU.Build.0 = Debug|Any CPU
		{65E2740D-EAB9-47BA-B791-ED0165E5AF83}.Debug|iPhone.ActiveCfg = Debug|Any CPU
		{65E2740D-EAB9-47BA-B791-ED0165E5AF83}.Debug|iPhoneSimulator.ActiveCfg = Debug|Any CPU
		{65E2740D-EAB9-47BA-B791-ED0165E5AF83}.Debug|Mixed Platforms.ActiveCfg = Debug|Any CPU
		{65E2740D-EAB9-47BA-B791-ED0165E5AF83}.Debug|Mixed Platforms.Build.0 = Debug|Any CPU
		{65E2740D-EAB9-47BA-B791-ED0165E5AF83}.Release|Any CPU.ActiveCfg = Release|Any CPU
		{65E2740D-EAB9-47BA-B791-ED0165E5AF83}.Release|Any CPU.Build.0 = Release|Any CPU
		{65E2740D-EAB9-47BA-B791-ED0165E5AF83}.Release|iPhone.ActiveCfg = Release|Any CPU
		{65E2740D-EAB9-47BA-B791-ED0165E5AF83}.Release|iPhoneSimulator.ActiveCfg = Release|Any CPU
		{65E2740D-EAB9-47BA-B791-ED0165E5AF83}.Release|Mixed Platforms.ActiveCfg = Release|Any CPU
		{65E2740D-EAB9-47BA-B791-ED0165E5AF83}.Release|Mixed Platforms.Build.0 = Release|Any CPU
		{728DFBD7-6DE3-4ADB-A9A4-703A37C1BFFE}.Ad-Hoc|Any CPU.ActiveCfg = Ad-Hoc|iPhone
		{728DFBD7-6DE3-4ADB-A9A4-703A37C1BFFE}.Ad-Hoc|iPhone.ActiveCfg = Ad-Hoc|iPhone
		{728DFBD7-6DE3-4ADB-A9A4-703A37C1BFFE}.Ad-Hoc|iPhone.Build.0 = Ad-Hoc|iPhone
		{728DFBD7-6DE3-4ADB-A9A4-703A37C1BFFE}.Ad-Hoc|iPhoneSimulator.ActiveCfg = Ad-Hoc|iPhoneSimulator
		{728DFBD7-6DE3-4ADB-A9A4-703A37C1BFFE}.Ad-Hoc|iPhoneSimulator.Build.0 = Ad-Hoc|iPhoneSimulator
		{728DFBD7-6DE3-4ADB-A9A4-703A37C1BFFE}.Ad-Hoc|Mixed Platforms.ActiveCfg = Ad-Hoc|iPhone
		{728DFBD7-6DE3-4ADB-A9A4-703A37C1BFFE}.Ad-Hoc|Mixed Platforms.Build.0 = Ad-Hoc|iPhone
		{728DFBD7-6DE3-4ADB-A9A4-703A37C1BFFE}.AppStore|Any CPU.ActiveCfg = AppStore|iPhone
		{728DFBD7-6DE3-4ADB-A9A4-703A37C1BFFE}.AppStore|iPhone.ActiveCfg = AppStore|iPhone
		{728DFBD7-6DE3-4ADB-A9A4-703A37C1BFFE}.AppStore|iPhone.Build.0 = AppStore|iPhone
		{728DFBD7-6DE3-4ADB-A9A4-703A37C1BFFE}.AppStore|iPhoneSimulator.ActiveCfg = AppStore|iPhoneSimulator
		{728DFBD7-6DE3-4ADB-A9A4-703A37C1BFFE}.AppStore|iPhoneSimulator.Build.0 = AppStore|iPhoneSimulator
		{728DFBD7-6DE3-4ADB-A9A4-703A37C1BFFE}.AppStore|Mixed Platforms.ActiveCfg = AppStore|iPhone
		{728DFBD7-6DE3-4ADB-A9A4-703A37C1BFFE}.AppStore|Mixed Platforms.Build.0 = AppStore|iPhone
		{728DFBD7-6DE3-4ADB-A9A4-703A37C1BFFE}.Debug|Any CPU.ActiveCfg = Debug|iPhone
		{728DFBD7-6DE3-4ADB-A9A4-703A37C1BFFE}.Debug|iPhone.ActiveCfg = Debug|iPhone
		{728DFBD7-6DE3-4ADB-A9A4-703A37C1BFFE}.Debug|iPhone.Build.0 = Debug|iPhone
		{728DFBD7-6DE3-4ADB-A9A4-703A37C1BFFE}.Debug|iPhoneSimulator.ActiveCfg = Debug|iPhoneSimulator
		{728DFBD7-6DE3-4ADB-A9A4-703A37C1BFFE}.Debug|iPhoneSimulator.Build.0 = Debug|iPhoneSimulator
		{728DFBD7-6DE3-4ADB-A9A4-703A37C1BFFE}.Debug|Mixed Platforms.ActiveCfg = Debug|iPhone
		{728DFBD7-6DE3-4ADB-A9A4-703A37C1BFFE}.Debug|Mixed Platforms.Build.0 = Debug|iPhone
		{728DFBD7-6DE3-4ADB-A9A4-703A37C1BFFE}.Release|Any CPU.ActiveCfg = Release|iPhone
		{728DFBD7-6DE3-4ADB-A9A4-703A37C1BFFE}.Release|iPhone.ActiveCfg = Release|iPhone
		{728DFBD7-6DE3-4ADB-A9A4-703A37C1BFFE}.Release|iPhone.Build.0 = Release|iPhone
		{728DFBD7-6DE3-4ADB-A9A4-703A37C1BFFE}.Release|iPhoneSimulator.ActiveCfg = Release|iPhoneSimulator
		{728DFBD7-6DE3-4ADB-A9A4-703A37C1BFFE}.Release|iPhoneSimulator.Build.0 = Release|iPhoneSimulator
		{728DFBD7-6DE3-4ADB-A9A4-703A37C1BFFE}.Release|Mixed Platforms.ActiveCfg = Release|iPhone
		{728DFBD7-6DE3-4ADB-A9A4-703A37C1BFFE}.Release|Mixed Platforms.Build.0 = Release|iPhone
	EndGlobalSection
	GlobalSection(SolutionProperties) = preSolution
		HideSolutionNode = FALSE
	EndGlobalSection
EndGlobal
